
Microsoft Visual Studio Solution File, Format Version 12.00
# Visual Studio Version 16
VisualStudioVersion = 16.0.29911.84
MinimumVisualStudioVersion = 10.0.40219.1
Project("{8BC9CEB8-8B4A-11D0-8D11-00A0C91BC942}") = "laborator 1SDA-QUEUE", "laborator 1SDA-QUEUE\laborator 1SDA-QUEUE.vcxproj", "{984486B5-1188-4AC3-A011-3B0F666ECBCB}"
EndProject
Global
	GlobalSection(SolutionConfigurationPlatforms) = preSolution
		Debug|x64 = Debug|x64
		Debug|x86 = Debug|x86
		Release|x64 = Release|x64
		Release|x86 = Release|x86
	EndGlobalSection
	GlobalSection(ProjectConfigurationPlatforms) = postSolution
		{984486B5-1188-4AC3-A011-3B0F666ECBCB}.Debug|x64.ActiveCfg = Debug|x64
		{984486B5-1188-4AC3-A011-3B0F666ECBCB}.Debug|x64.Build.0 = Debug|x64
		{984486B5-1188-4AC3-A011-3B0F666ECBCB}.Debug|x86.ActiveCfg = Debug|Win32
		{984486B5-1188-4AC3-A011-3B0F666ECBCB}.Debug|x86.Build.0 = Debug|Win32
		{984486B5-1188-4AC3-A011-3B0F666ECBCB}.Release|x64.ActiveCfg = Release|x64
		{984486B5-1188-4AC3-A011-3B0F666ECBCB}.Release|x64.Build.0 = Release|x64
		{984486B5-1188-4AC3-A011-3B0F666ECBCB}.Release|x86.ActiveCfg = Release|Win32
		{984486B5-1188-4AC3-A011-3B0F666ECBCB}.Release|x86.Build.0 = Release|Win32
	EndGlobalSection
	GlobalSection(SolutionProperties) = preSolution
		HideSolutionNode = FALSE
	EndGlobalSection
	GlobalSection(ExtensibilityGlobals) = postSolution
		SolutionGuid = {15F00AA1-57FF-4B8F-A88C-DE43E799A831}
	EndGlobalSection
EndGlobal
